
Microsoft Visual Studio Solution File, Format Version 12.00
# Visual Studio Version 16
VisualStudioVersion = 16.0.810.6
MinimumVisualStudioVersion = 10.0.40219.1
Project("{9A19103F-16F7-4668-BE54-9A1E7A4F7556}") = "Template", "Template\Template.csproj", "{6496796A-9408-4ACE-9B06-B8A78173DEA9}"
EndProject
Project("{2150E333-8FDC-42A3-9474-1A3956D46DE8}") = "1-Web", "1-Web", "{63B48E23-E006-4422-8A5C-EA5FAF89746B}"
EndProject
Project("{2150E333-8FDC-42A3-9474-1A3956D46DE8}") = "2-Application", "2-Application", "{F6CE362B-EB4E-4C0E-87D3-74670A7F2DF5}"
EndProject
Project("{2150E333-8FDC-42A3-9474-1A3956D46DE8}") = "3-Domain", "3-Domain", "{887DA709-0BFA-45BB-8BD6-85BE6125DE50}"
EndProject
Project("{2150E333-8FDC-42A3-9474-1A3956D46DE8}") = "4-Infra", "4-Infra", "{481CEEC5-975D-4AE9-BAB3-CC71B2E3024D}"
EndProject
Project("{9A19103F-16F7-4668-BE54-9A1E7A4F7556}") = "Template.Application", "Template.Application\Template.Application.csproj", "{9330A30F-F65A-425E-924B-D589299D52ED}"
EndProject
Project("{9A19103F-16F7-4668-BE54-9A1E7A4F7556}") = "Template.Domain", "Template.Domain\Template.Domain.csproj", "{E61F104C-13FE-4550-8D71-A3861E6A7B96}"
EndProject
Project("{2150E333-8FDC-42A3-9474-1A3956D46DE8}") = "4.1-Data", "4.1-Data", "{6C801AF2-B6DF-45BE-BA31-DEC95197E330}"
EndProject
Project("{2150E333-8FDC-42A3-9474-1A3956D46DE8}") = "4.2-CrossCutting", "4.2-CrossCutting", "{CD8A8012-3607-4415-A083-B2B24C012D9C}"
EndProject
Project("{9A19103F-16F7-4668-BE54-9A1E7A4F7556}") = "Template.Data", "Template.Data\Template.Data.csproj", "{4588B091-F529-45F4-919B-34E92B561F81}"
	ProjectSection(ProjectDependencies) = postProject
		{E61F104C-13FE-4550-8D71-A3861E6A7B96} = {E61F104C-13FE-4550-8D71-A3861E6A7B96}
	EndProjectSection
EndProject
Project("{9A19103F-16F7-4668-BE54-9A1E7A4F7556}") = "Template.IoC", "Template.IoC\Template.IoC.csproj", "{913DB372-5405-4124-AAF8-AEDA1F351335}"
EndProject
Project("{9A19103F-16F7-4668-BE54-9A1E7A4F7556}") = "Template.Swagger", "Template.Swagger\Template.Swagger.csproj", "{9062355E-FC89-4606-9D3A-67F7E18E24D9}"
EndProject
Global
	GlobalSection(SolutionConfigurationPlatforms) = preSolution
		Debug|Any CPU = Debug|Any CPU
		Release|Any CPU = Release|Any CPU
	EndGlobalSection
	GlobalSection(ProjectConfigurationPlatforms) = postSolution
		{6496796A-9408-4ACE-9B06-B8A78173DEA9}.Debug|Any CPU.ActiveCfg = Debug|Any CPU
		{6496796A-9408-4ACE-9B06-B8A78173DEA9}.Debug|Any CPU.Build.0 = Debug|Any CPU
		{6496796A-9408-4ACE-9B06-B8A78173DEA9}.Release|Any CPU.ActiveCfg = Release|Any CPU
		{6496796A-9408-4ACE-9B06-B8A78173DEA9}.Release|Any CPU.Build.0 = Release|Any CPU
		{9330A30F-F65A-425E-924B-D589299D52ED}.Debug|Any CPU.ActiveCfg = Debug|Any CPU
		{9330A30F-F65A-425E-924B-D589299D52ED}.Debug|Any CPU.Build.0 = Debug|Any CPU
		{9330A30F-F65A-425E-924B-D589299D52ED}.Release|Any CPU.ActiveCfg = Release|Any CPU
		{9330A30F-F65A-425E-924B-D589299D52ED}.Release|Any CPU.Build.0 = Release|Any CPU
		{E61F104C-13FE-4550-8D71-A3861E6A7B96}.Debug|Any CPU.ActiveCfg = Debug|Any CPU
		{E61F104C-13FE-4550-8D71-A3861E6A7B96}.Debug|Any CPU.Build.0 = Debug|Any CPU
		{E61F104C-13FE-4550-8D71-A3861E6A7B96}.Release|Any CPU.ActiveCfg = Release|Any CPU
		{E61F104C-13FE-4550-8D71-A3861E6A7B96}.Release|Any CPU.Build.0 = Release|Any CPU
		{4588B091-F529-45F4-919B-34E92B561F81}.Debug|Any CPU.ActiveCfg = Debug|Any CPU
		{4588B091-F529-45F4-919B-34E92B561F81}.Debug|Any CPU.Build.0 = Debug|Any CPU
		{4588B091-F529-45F4-919B-34E92B561F81}.Release|Any CPU.ActiveCfg = Release|Any CPU
		{4588B091-F529-45F4-919B-34E92B561F81}.Release|Any CPU.Build.0 = Release|Any CPU
		{913DB372-5405-4124-AAF8-AEDA1F351335}.Debug|Any CPU.ActiveCfg = Debug|Any CPU
		{913DB372-5405-4124-AAF8-AEDA1F351335}.Debug|Any CPU.Build.0 = Debug|Any CPU
		{913DB372-5405-4124-AAF8-AEDA1F351335}.Release|Any CPU.ActiveCfg = Release|Any CPU
		{913DB372-5405-4124-AAF8-AEDA1F351335}.Release|Any CPU.Build.0 = Release|Any CPU
		{9062355E-FC89-4606-9D3A-67F7E18E24D9}.Debug|Any CPU.ActiveCfg = Debug|Any CPU
		{9062355E-FC89-4606-9D3A-67F7E18E24D9}.Debug|Any CPU.Build.0 = Debug|Any CPU
		{9062355E-FC89-4606-9D3A-67F7E18E24D9}.Release|Any CPU.ActiveCfg = Release|Any CPU
		{9062355E-FC89-4606-9D3A-67F7E18E24D9}.Release|Any CPU.Build.0 = Release|Any CPU
	EndGlobalSection
	GlobalSection(SolutionProperties) = preSolution
		HideSolutionNode = FALSE
	EndGlobalSection
	GlobalSection(NestedProjects) = preSolution
		{6496796A-9408-4ACE-9B06-B8A78173DEA9} = {63B48E23-E006-4422-8A5C-EA5FAF89746B}
		{9330A30F-F65A-425E-924B-D589299D52ED} = {F6CE362B-EB4E-4C0E-87D3-74670A7F2DF5}
		{E61F104C-13FE-4550-8D71-A3861E6A7B96} = {887DA709-0BFA-45BB-8BD6-85BE6125DE50}
		{6C801AF2-B6DF-45BE-BA31-DEC95197E330} = {481CEEC5-975D-4AE9-BAB3-CC71B2E3024D}
		{CD8A8012-3607-4415-A083-B2B24C012D9C} = {481CEEC5-975D-4AE9-BAB3-CC71B2E3024D}
		{4588B091-F529-45F4-919B-34E92B561F81} = {6C801AF2-B6DF-45BE-BA31-DEC95197E330}
		{913DB372-5405-4124-AAF8-AEDA1F351335} = {CD8A8012-3607-4415-A083-B2B24C012D9C}
		{9062355E-FC89-4606-9D3A-67F7E18E24D9} = {CD8A8012-3607-4415-A083-B2B24C012D9C}
	EndGlobalSection
	GlobalSection(ExtensibilityGlobals) = postSolution
		SolutionGuid = {74D02FD4-5FFD-4355-BA9F-61C40A2507BF}
	EndGlobalSection
EndGlobal
